
Microsoft Visual Studio Solution File, Format Version 12.00
# Visual Studio Version 17
VisualStudioVersion = 17.10.35027.167
MinimumVisualStudioVersion = 10.0.40219.1
Project("{9A19103F-16F7-4668-BE54-9A1E7A4F7556}") = "Testy jednostkowe", "Testy jednostkowe\Testy jednostkowe.csproj", "{C299374D-5380-4D49-8D6A-27D306B6AEA0}"
EndProject
Project("{FAE04EC0-301F-11D3-BF4B-00C04F79EFBC}") = "Testy jednostkowe - tests", "Testy jednostkowe - tests\Testy jednostkowe - tests.csproj", "{30197EEF-0FBA-486C-9D4F-7BDF0B3F8C19}"
EndProject
Global
	GlobalSection(SolutionConfigurationPlatforms) = preSolution
		Debug|Any CPU = Debug|Any CPU
		Release|Any CPU = Release|Any CPU
	EndGlobalSection
	GlobalSection(ProjectConfigurationPlatforms) = postSolution
		{C299374D-5380-4D49-8D6A-27D306B6AEA0}.Debug|Any CPU.ActiveCfg = Debug|Any CPU
		{C299374D-5380-4D49-8D6A-27D306B6AEA0}.Debug|Any CPU.Build.0 = Debug|Any CPU
		{C299374D-5380-4D49-8D6A-27D306B6AEA0}.Release|Any CPU.ActiveCfg = Release|Any CPU
		{C299374D-5380-4D49-8D6A-27D306B6AEA0}.Release|Any CPU.Build.0 = Release|Any CPU
		{30197EEF-0FBA-486C-9D4F-7BDF0B3F8C19}.Debug|Any CPU.ActiveCfg = Debug|Any CPU
		{30197EEF-0FBA-486C-9D4F-7BDF0B3F8C19}.Debug|Any CPU.Build.0 = Debug|Any CPU
		{30197EEF-0FBA-486C-9D4F-7BDF0B3F8C19}.Release|Any CPU.ActiveCfg = Release|Any CPU
		{30197EEF-0FBA-486C-9D4F-7BDF0B3F8C19}.Release|Any CPU.Build.0 = Release|Any CPU
	EndGlobalSection
	GlobalSection(SolutionProperties) = preSolution
		HideSolutionNode = FALSE
	EndGlobalSection
	GlobalSection(ExtensibilityGlobals) = postSolution
		SolutionGuid = {A4A34C24-D066-4671-8DB9-2D1FF7ADD774}
	EndGlobalSection
EndGlobal
